// !$*UTF8*$!
{
	archiveVersion = 1;
	classes = {
	};
	objectVersion = 46;
	objects = {

/* Begin PBXBuildFile section */
		945A77272F474AA320EE5E8A /* Pods_SwiftRecord.framework in Frameworks */ = {isa = PBXBuildFile; fileRef = B018DFFB8E1F49FFA55654E0 /* Pods_SwiftRecord.framework */; };
		C6C853431E128B6900E489E9 /* AppDelegate.swift in Sources */ = {isa = PBXBuildFile; fileRef = C6C853421E128B6900E489E9 /* AppDelegate.swift */; };
		C6C8534A1E128B6900E489E9 /* Assets.xcassets in Resources */ = {isa = PBXBuildFile; fileRef = C6C853491E128B6900E489E9 /* Assets.xcassets */; };
		C6C8534D1E128B6900E489E9 /* LaunchScreen.storyboard in Resources */ = {isa = PBXBuildFile; fileRef = C6C8534B1E128B6900E489E9 /* LaunchScreen.storyboard */; };
		C6D843A9216D9265001FED31 /* SwiftRecordTests.swift in Sources */ = {isa = PBXBuildFile; fileRef = C6D843A8216D9265001FED31 /* SwiftRecordTests.swift */; };
		C6D843B2216D937F001FED31 /* UTest.storyboard in Resources */ = {isa = PBXBuildFile; fileRef = C6D843B1216D937F001FED31 /* UTest.storyboard */; };
		C6D843B4216DDD26001FED31 /* UTestViewController.swift in Sources */ = {isa = PBXBuildFile; fileRef = C6D843B3216DDD26001FED31 /* UTestViewController.swift */; };
		C6D843B6216DDDEB001FED31 /* User.swift in Sources */ = {isa = PBXBuildFile; fileRef = C6D843B5216DDDEB001FED31 /* User.swift */; };
/* End PBXBuildFile section */

/* Begin PBXContainerItemProxy section */
		C6D843AB216D9265001FED31 /* PBXContainerItemProxy */ = {
			isa = PBXContainerItemProxy;
			containerPortal = C6C853371E128B6900E489E9 /* Project object */;
			proxyType = 1;
			remoteGlobalIDString = C6C8533E1E128B6900E489E9;
			remoteInfo = SwiftRecord;
		};
/* End PBXContainerItemProxy section */

/* Begin PBXFileReference section */
		0D3C7B5195684B623336E08C /* Pods-SwiftRecord.release.xcconfig */ = {isa = PBXFileReference; includeInIndex = 1; lastKnownFileType = text.xcconfig; name = "Pods-SwiftRecord.release.xcconfig"; path = "Target Support Files/Pods-SwiftRecord/Pods-SwiftRecord.release.xcconfig"; sourceTree = "<group>"; };
		B018DFFB8E1F49FFA55654E0 /* Pods_SwiftRecord.framework */ = {isa = PBXFileReference; explicitFileType = wrapper.framework; includeInIndex = 0; path = Pods_SwiftRecord.framework; sourceTree = BUILT_PRODUCTS_DIR; };
		C6C8533F1E128B6900E489E9 /* SwiftRecord.app */ = {isa = PBXFileReference; explicitFileType = wrapper.application; includeInIndex = 0; path = SwiftRecord.app; sourceTree = BUILT_PRODUCTS_DIR; };
		C6C853421E128B6900E489E9 /* AppDelegate.swift */ = {isa = PBXFileReference; lastKnownFileType = sourcecode.swift; path = AppDelegate.swift; sourceTree = "<group>"; };
		C6C853491E128B6900E489E9 /* Assets.xcassets */ = {isa = PBXFileReference; lastKnownFileType = folder.assetcatalog; path = Assets.xcassets; sourceTree = "<group>"; };
		C6C8534C1E128B6900E489E9 /* Base */ = {isa = PBXFileReference; lastKnownFileType = file.storyboard; name = Base; path = Base.lproj/LaunchScreen.storyboard; sourceTree = "<group>"; };
		C6C8534E1E128B6900E489E9 /* Info.plist */ = {isa = PBXFileReference; lastKnownFileType = text.plist.xml; path = Info.plist; sourceTree = "<group>"; };
		C6D843A6216D9265001FED31 /* SwiftRecordTests.xctest */ = {isa = PBXFileReference; explicitFileType = wrapper.cfbundle; includeInIndex = 0; path = SwiftRecordTests.xctest; sourceTree = BUILT_PRODUCTS_DIR; };
		C6D843A8216D9265001FED31 /* SwiftRecordTests.swift */ = {isa = PBXFileReference; lastKnownFileType = sourcecode.swift; path = SwiftRecordTests.swift; sourceTree = "<group>"; };
		C6D843AA216D9265001FED31 /* Info.plist */ = {isa = PBXFileReference; lastKnownFileType = text.plist.xml; path = Info.plist; sourceTree = "<group>"; };
		C6D843B1216D937F001FED31 /* UTest.storyboard */ = {isa = PBXFileReference; lastKnownFileType = file.storyboard; path = UTest.storyboard; sourceTree = "<group>"; };
		C6D843B3216DDD26001FED31 /* UTestViewController.swift */ = {isa = PBXFileReference; lastKnownFileType = sourcecode.swift; path = UTestViewController.swift; sourceTree = "<group>"; };
		C6D843B5216DDDEB001FED31 /* User.swift */ = {isa = PBXFileReference; lastKnownFileType = sourcecode.swift; path = User.swift; sourceTree = "<group>"; };
		D500C6CC1209E3634BC69ACF /* Pods-SwiftRecord.debug.xcconfig */ = {isa = PBXFileReference; includeInIndex = 1; lastKnownFileType = text.xcconfig; name = "Pods-SwiftRecord.debug.xcconfig"; path = "Target Support Files/Pods-SwiftRecord/Pods-SwiftRecord.debug.xcconfig"; sourceTree = "<group>"; };
/* End PBXFileReference section */

/* Begin PBXFrameworksBuildPhase section */
		C6C8533C1E128B6900E489E9 /* Frameworks */ = {
			isa = PBXFrameworksBuildPhase;
			buildActionMask = 2147483647;
			files = (
				945A77272F474AA320EE5E8A /* Pods_SwiftRecord.framework in Frameworks */,
			);
			runOnlyForDeploymentPostprocessing = 0;
		};
		C6D843A3216D9265001FED31 /* Frameworks */ = {
			isa = PBXFrameworksBuildPhase;
			buildActionMask = 2147483647;
			files = (
			);
			runOnlyForDeploymentPostprocessing = 0;
		};
/* End PBXFrameworksBuildPhase section */

/* Begin PBXGroup section */
		0F3A7FDB6D4D159A0E26FBC8 /* Pods */ = {
			isa = PBXGroup;
			children = (
				D500C6CC1209E3634BC69ACF /* Pods-SwiftRecord.debug.xcconfig */,
				0D3C7B5195684B623336E08C /* Pods-SwiftRecord.release.xcconfig */,
			);
			path = Pods;
			sourceTree = "<group>";
		};
		C6C853361E128B6900E489E9 = {
			isa = PBXGroup;
			children = (
				C6C853411E128B6900E489E9 /* SwiftRecord */,
				C6C853401E128B6900E489E9 /* Products */,
				0F3A7FDB6D4D159A0E26FBC8 /* Pods */,
				E3C8D84177EA2978BC8970A7 /* Frameworks */,
				C6D843A7216D9265001FED31 /* SwiftRecordTests */,
			);
			sourceTree = "<group>";
		};
		C6C853401E128B6900E489E9 /* Products */ = {
			isa = PBXGroup;
			children = (
				C6C8533F1E128B6900E489E9 /* SwiftRecord.app */,
				C6D843A6216D9265001FED31 /* SwiftRecordTests.xctest */,
			);
			name = Products;
			sourceTree = "<group>";
		};
		C6C853411E128B6900E489E9 /* SwiftRecord */ = {
			isa = PBXGroup;
			children = (
				C6D843B0216D936D001FED31 /* 201910 */,
				C6C853421E128B6900E489E9 /* AppDelegate.swift */,
				C6C853491E128B6900E489E9 /* Assets.xcassets */,
				C6C8534B1E128B6900E489E9 /* LaunchScreen.storyboard */,
				C6C8534E1E128B6900E489E9 /* Info.plist */,
			);
			path = SwiftRecord;
			sourceTree = "<group>";
		};
		C6D843A7216D9265001FED31 /* SwiftRecordTests */ = {
			isa = PBXGroup;
			children = (
				C6D843A8216D9265001FED31 /* SwiftRecordTests.swift */,
				C6D843AA216D9265001FED31 /* Info.plist */,
			);
			path = SwiftRecordTests;
			sourceTree = "<group>";
		};
		C6D843B0216D936D001FED31 /* 201910 */ = {
			isa = PBXGroup;
			children = (
				C6D843B1216D937F001FED31 /* UTest.storyboard */,
				C6D843B3216DDD26001FED31 /* UTestViewController.swift */,
				C6D843B5216DDDEB001FED31 /* User.swift */,
			);
			path = 201910;
			sourceTree = "<group>";
		};
		E3C8D84177EA2978BC8970A7 /* Frameworks */ = {
			isa = PBXGroup;
			children = (
				B018DFFB8E1F49FFA55654E0 /* Pods_SwiftRecord.framework */,
			);
			name = Frameworks;
			sourceTree = "<group>";
		};
/* End PBXGroup section */

/* Begin PBXNativeTarget section */
		C6C8533E1E128B6900E489E9 /* SwiftRecord */ = {
			isa = PBXNativeTarget;
			buildConfigurationList = C6C853511E128B6900E489E9 /* Build configuration list for PBXNativeTarget "SwiftRecord" */;
			buildPhases = (
				BD9370643B6085172DD45A7B /* [CP] Check Pods Manifest.lock */,
				C6C8533B1E128B6900E489E9 /* Sources */,
				C6C8533C1E128B6900E489E9 /* Frameworks */,
				C6C8533D1E128B6900E489E9 /* Resources */,
				88A2AAC6423141B479270B1B /* [CP] Embed Pods Frameworks */,
			);
			buildRules = (
			);
			dependencies = (
			);
			name = SwiftRecord;
			productName = SwiftRecord;
			productReference = C6C8533F1E128B6900E489E9 /* SwiftRecord.app */;
			productType = "com.apple.product-type.application";
		};
		C6D843A5216D9265001FED31 /* SwiftRecordTests */ = {
			isa = PBXNativeTarget;
			buildConfigurationList = C6D843AF216D9265001FED31 /* Build configuration list for PBXNativeTarget "SwiftRecordTests" */;
			buildPhases = (
				C6D843A2216D9265001FED31 /* Sources */,
				C6D843A3216D9265001FED31 /* Frameworks */,
				C6D843A4216D9265001FED31 /* Resources */,
			);
			buildRules = (
			);
			dependencies = (
				C6D843AC216D9265001FED31 /* PBXTargetDependency */,
			);
			name = SwiftRecordTests;
			productName = SwiftRecordTests;
			productReference = C6D843A6216D9265001FED31 /* SwiftRecordTests.xctest */;
			productType = "com.apple.product-type.bundle.unit-test";
		};
/* End PBXNativeTarget section */

/* Begin PBXProject section */
		C6C853371E128B6900E489E9 /* Project object */ = {
			isa = PBXProject;
			attributes = {
				LastSwiftUpdateCheck = 1000;
				LastUpgradeCheck = 0940;
				ORGANIZATIONNAME = wang;
				TargetAttributes = {
					C6C8533E1E128B6900E489E9 = {
						CreatedOnToolsVersion = 8.2.1;
						DevelopmentTeam = 2LYTD2VW3G;
						LastSwiftMigration = 0940;
						ProvisioningStyle = Manual;
					};
					C6D843A5216D9265001FED31 = {
						CreatedOnToolsVersion = 10.0;
						DevelopmentTeam = 2LYTD2VW3G;
						ProvisioningStyle = Automatic;
						TestTargetID = C6C8533E1E128B6900E489E9;
					};
				};
			};
			buildConfigurationList = C6C8533A1E128B6900E489E9 /* Build configuration list for PBXProject "SwiftRecord" */;
			compatibilityVersion = "Xcode 3.2";
			developmentRegion = English;
			hasScannedForEncodings = 0;
			knownRegions = (
				en,
				Base,
			);
			mainGroup = C6C853361E128B6900E489E9;
			productRefGroup = C6C853401E128B6900E489E9 /* Products */;
			projectDirPath = "";
			projectRoot = "";
			targets = (
				C6C8533E1E128B6900E489E9 /* SwiftRecord */,
				C6D843A5216D9265001FED31 /* SwiftRecordTests */,
			);
		};
/* End PBXProject section */

/* Begin PBXResourcesBuildPhase section */
		C6C8533D1E128B6900E489E9 /* Resources */ = {
			isa = PBXResourcesBuildPhase;
			buildActionMask = 2147483647;
			files = (
				C6D843B2216D937F001FED31 /* UTest.storyboard in Resources */,
				C6C8534D1E128B6900E489E9 /* LaunchScreen.storyboard in Resources */,
				C6C8534A1E128B6900E489E9 /* Assets.xcassets in Resources */,
			);
			runOnlyForDeploymentPostprocessing = 0;
		};
		C6D843A4216D9265001FED31 /* Resources */ = {
			isa = PBXResourcesBuildPhase;
			buildActionMask = 2147483647;
			files = (
			);
			runOnlyForDeploymentPostprocessing = 0;
		};
/* End PBXResourcesBuildPhase section */

/* Begin PBXShellScriptBuildPhase section */
		88A2AAC6423141B479270B1B /* [CP] Embed Pods Frameworks */ = {
			isa = PBXShellScriptBuildPhase;
			buildActionMask = 2147483647;
			files = (
			);
			inputPaths = (
				"${SRCROOT}/Pods/Target Support Files/Pods-SwiftRecord/Pods-SwiftRecord-frameworks.sh",
				"${BUILT_PRODUCTS_DIR}/Alamofire/Alamofire.framework",
				"${BUILT_PRODUCTS_DIR}/AlamofireObjectMapper/AlamofireObjectMapper.framework",
				"${BUILT_PRODUCTS_DIR}/ESPullToRefresh/ESPullToRefresh.framework",
				"${BUILT_PRODUCTS_DIR}/Kingfisher/Kingfisher.framework",
				"${BUILT_PRODUCTS_DIR}/ObjectMapper/ObjectMapper.framework",
				"${BUILT_PRODUCTS_DIR}/SnapKit/SnapKit.framework",
				"${BUILT_PRODUCTS_DIR}/SwiftyJSON/SwiftyJSON.framework",
				"${BUILT_PRODUCTS_DIR}/lottie-ios/Lottie.framework",
			);
			name = "[CP] Embed Pods Frameworks";
			outputPaths = (
				"${TARGET_BUILD_DIR}/${FRAMEWORKS_FOLDER_PATH}/Alamofire.framework",
				"${TARGET_BUILD_DIR}/${FRAMEWORKS_FOLDER_PATH}/AlamofireObjectMapper.framework",
				"${TARGET_BUILD_DIR}/${FRAMEWORKS_FOLDER_PATH}/ESPullToRefresh.framework",
				"${TARGET_BUILD_DIR}/${FRAMEWORKS_FOLDER_PATH}/Kingfisher.framework",
				"${TARGET_BUILD_DIR}/${FRAMEWORKS_FOLDER_PATH}/ObjectMapper.framework",
				"${TARGET_BUILD_DIR}/${FRAMEWORKS_FOLDER_PATH}/SnapKit.framework",
				"${TARGET_BUILD_DIR}/${FRAMEWORKS_FOLDER_PATH}/SwiftyJSON.framework",
				"${TARGET_BUILD_DIR}/${FRAMEWORKS_FOLDER_PATH}/Lottie.framework",
			);
			runOnlyForDeploymentPostprocessing = 0;
			shellPath = /bin/sh;
			shellScript = "\"${SRCROOT}/Pods/Target Support Files/Pods-SwiftRecord/Pods-SwiftRecord-frameworks.sh\"\n";
			showEnvVarsInLog = 0;
		};
		BD9370643B6085172DD45A7B /* [CP] Check Pods Manifest.lock */ = {
			isa = PBXShellScriptBuildPhase;
			buildActionMask = 2147483647;
			files = (
			);
			inputPaths = (
				"${PODS_PODFILE_DIR_PATH}/Podfile.lock",
				"${PODS_ROOT}/Manifest.lock",
			);
			name = "[CP] Check Pods Manifest.lock";
			outputPaths = (
				"$(DERIVED_FILE_DIR)/Pods-SwiftRecord-checkManifestLockResult.txt",
			);
			runOnlyForDeploymentPostprocessing = 0;
			shellPath = /bin/sh;
			shellScript = "diff \"${PODS_PODFILE_DIR_PATH}/Podfile.lock\" \"${PODS_ROOT}/Manifest.lock\" > /dev/null\nif [ $? != 0 ] ; then\n    # print error to STDERR\n    echo \"error: The sandbox is not in sync with the Podfile.lock. Run 'pod install' or update your CocoaPods installation.\" >&2\n    exit 1\nfi\n# This output is used by Xcode 'outputs' to avoid re-running this script phase.\necho \"SUCCESS\" > \"${SCRIPT_OUTPUT_FILE_0}\"\n";
			showEnvVarsInLog = 0;
		};
/* End PBXShellScriptBuildPhase section */

/* Begin PBXSourcesBuildPhase section */
		C6C8533B1E128B6900E489E9 /* Sources */ = {
			isa = PBXSourcesBuildPhase;
			buildActionMask = 2147483647;
			files = (
				C6D843B6216DDDEB001FED31 /* User.swift in Sources */,
				C6D843B4216DDD26001FED31 /* UTestViewController.swift in Sources */,
				C6C853431E128B6900E489E9 /* AppDelegate.swift in Sources */,
			);
			runOnlyForDeploymentPostprocessing = 0;
		};
		C6D843A2216D9265001FED31 /* Sources */ = {
			isa = PBXSourcesBuildPhase;
			buildActionMask = 2147483647;
			files = (
				C6D843A9216D9265001FED31 /* SwiftRecordTests.swift in Sources */,
			);
			runOnlyForDeploymentPostprocessing = 0;
		};
/* End PBXSourcesBuildPhase section */

/* Begin PBXTargetDependency section */
		C6D843AC216D9265001FED31 /* PBXTargetDependency */ = {
			isa = PBXTargetDependency;
			target = C6C8533E1E128B6900E489E9 /* SwiftRecord */;
			targetProxy = C6D843AB216D9265001FED31 /* PBXContainerItemProxy */;
		};
/* End PBXTargetDependency section */

/* Begin PBXVariantGroup section */
		C6C8534B1E128B6900E489E9 /* LaunchScreen.storyboard */ = {
			isa = PBXVariantGroup;
			children = (
				C6C8534C1E128B6900E489E9 /* Base */,
			);
			name = LaunchScreen.storyboard;
			sourceTree = "<group>";
		};
/* End PBXVariantGroup section */

/* Begin XCBuildConfiguration section */
		C6C8534F1E128B6900E489E9 /* Debug */ = {
			isa = XCBuildConfiguration;
			buildSettings = {
				ALWAYS_SEARCH_USER_PATHS = NO;
				CLANG_ANALYZER_NONNULL = YES;
				CLANG_CXX_LANGUAGE_STANDARD = "gnu++0x";
				CLANG_CXX_LIBRARY = "libc++";
				CLANG_ENABLE_MODULES = YES;
				CLANG_ENABLE_OBJC_ARC = YES;
				CLANG_WARN_BLOCK_CAPTURE_AUTORELEASING = YES;
				CLANG_WARN_BOOL_CONVERSION = YES;
				CLANG_WARN_COMMA = YES;
				CLANG_WARN_CONSTANT_CONVERSION = YES;
				CLANG_WARN_DEPRECATED_OBJC_IMPLEMENTATIONS = YES;
				CLANG_WARN_DIRECT_OBJC_ISA_USAGE = YES_ERROR;
				CLANG_WARN_DOCUMENTATION_COMMENTS = YES;
				CLANG_WARN_EMPTY_BODY = YES;
				CLANG_WARN_ENUM_CONVERSION = YES;
				CLANG_WARN_INFINITE_RECURSION = YES;
				CLANG_WARN_INT_CONVERSION = YES;
				CLANG_WARN_NON_LITERAL_NULL_CONVERSION = YES;
				CLANG_WARN_OBJC_IMPLICIT_RETAIN_SELF = YES;
				CLANG_WARN_OBJC_LITERAL_CONVERSION = YES;
				CLANG_WARN_OBJC_ROOT_CLASS = YES_ERROR;
				CLANG_WARN_RANGE_LOOP_ANALYSIS = YES;
				CLANG_WARN_STRICT_PROTOTYPES = YES;
				CLANG_WARN_SUSPICIOUS_MOVE = YES;
				CLANG_WARN_UNREACHABLE_CODE = YES;
				CLANG_WARN__DUPLICATE_METHOD_MATCH = YES;
				"CODE_SIGN_IDENTITY[sdk=iphoneos*]" = "iPhone Developer";
				COPY_PHASE_STRIP = NO;
				DEBUG_INFORMATION_FORMAT = dwarf;
				ENABLE_STRICT_OBJC_MSGSEND = YES;
				ENABLE_TESTABILITY = YES;
				GCC_C_LANGUAGE_STANDARD = gnu99;
				GCC_DYNAMIC_NO_PIC = NO;
				GCC_NO_COMMON_BLOCKS = YES;
				GCC_OPTIMIZATION_LEVEL = 0;
				GCC_PREPROCESSOR_DEFINITIONS = (
					"DEBUG=1",
					"$(inherited)",
				);
				GCC_WARN_64_TO_32_BIT_CONVERSION = YES;
				GCC_WARN_ABOUT_RETURN_TYPE = YES_ERROR;
				GCC_WARN_UNDECLARED_SELECTOR = YES;
				GCC_WARN_UNINITIALIZED_AUTOS = YES_AGGRESSIVE;
				GCC_WARN_UNUSED_FUNCTION = YES;
				GCC_WARN_UNUSED_VARIABLE = YES;
				IPHONEOS_DEPLOYMENT_TARGET = 10.2;
				MTL_ENABLE_DEBUG_INFO = YES;
				ONLY_ACTIVE_ARCH = YES;
				SDKROOT = iphoneos;
				SWIFT_ACTIVE_COMPILATION_CONDITIONS = DEBUG;
				SWIFT_OPTIMIZATION_LEVEL = "-Onone";
				SWIFT_VERSION = 4.0;
				TARGETED_DEVICE_FAMILY = "1,2";
			};
			name = Debug;
		};
		C6C853501E128B6900E489E9 /* Release */ = {
			isa = XCBuildConfiguration;
			buildSettings = {
				ALWAYS_SEARCH_USER_PATHS = NO;
				CLANG_ANALYZER_NONNULL = YES;
				CLANG_CXX_LANGUAGE_STANDARD = "gnu++0x";
				CLANG_CXX_LIBRARY = "libc++";
				CLANG_ENABLE_MODULES = YES;
				CLANG_ENABLE_OBJC_ARC = YES;
				CLANG_WARN_BLOCK_CAPTURE_AUTORELEASING = YES;
				CLANG_WARN_BOOL_CONVERSION = YES;
				CLANG_WARN_COMMA = YES;
				CLANG_WARN_CONSTANT_CONVERSION = YES;
				CLANG_WARN_DEPRECATED_OBJC_IMPLEMENTATIONS = YES;
				CLANG_WARN_DIRECT_OBJC_ISA_USAGE = YES_ERROR;
				CLANG_WARN_DOCUMENTATION_COMMENTS = YES;
				CLANG_WARN_EMPTY_BODY = YES;
				CLANG_WARN_ENUM_CONVERSION = YES;
				CLANG_WARN_INFINITE_RECURSION = YES;
				CLANG_WARN_INT_CONVERSION = YES;
				CLANG_WARN_NON_LITERAL_NULL_CONVERSION = YES;
				CLANG_WARN_OBJC_IMPLICIT_RETAIN_SELF = YES;
				CLANG_WARN_OBJC_LITERAL_CONVERSION = YES;
				CLANG_WARN_OBJC_ROOT_CLASS = YES_ERROR;
				CLANG_WARN_RANGE_LOOP_ANALYSIS = YES;
				CLANG_WARN_STRICT_PROTOTYPES = YES;
				CLANG_WARN_SUSPICIOUS_MOVE = YES;
				CLANG_WARN_UNREACHABLE_CODE = YES;
				CLANG_WARN__DUPLICATE_METHOD_MATCH = YES;
				"CODE_SIGN_IDENTITY[sdk=iphoneos*]" = "iPhone Developer";
				COPY_PHASE_STRIP = NO;
				DEBUG_INFORMATION_FORMAT = "dwarf-with-dsym";
				ENABLE_NS_ASSERTIONS = NO;
				ENABLE_STRICT_OBJC_MSGSEND = YES;
				GCC_C_LANGUAGE_STANDARD = gnu99;
				GCC_NO_COMMON_BLOCKS = YES;
				GCC_WARN_64_TO_32_BIT_CONVERSION = YES;
				GCC_WARN_ABOUT_RETURN_TYPE = YES_ERROR;
				GCC_WARN_UNDECLARED_SELECTOR = YES;
				GCC_WARN_UNINITIALIZED_AUTOS = YES_AGGRESSIVE;
				GCC_WARN_UNUSED_FUNCTION = YES;
				GCC_WARN_UNUSED_VARIABLE = YES;
				IPHONEOS_DEPLOYMENT_TARGET = 10.2;
				MTL_ENABLE_DEBUG_INFO = NO;
				SDKROOT = iphoneos;
				SWIFT_OPTIMIZATION_LEVEL = "-Owholemodule";
				SWIFT_VERSION = 4.0;
				TARGETED_DEVICE_FAMILY = "1,2";
				VALIDATE_PRODUCT = YES;
			};
			name = Release;
		};
		C6C853521E128B6900E489E9 /* Debug */ = {
			isa = XCBuildConfiguration;
			baseConfigurationReference = D500C6CC1209E3634BC69ACF /* Pods-SwiftRecord.debug.xcconfig */;
			buildSettings = {
				ASSETCATALOG_COMPILER_APPICON_NAME = AppIcon;
				DEVELOPMENT_TEAM = 2LYTD2VW3G;
				INFOPLIST_FILE = SwiftRecord/Info.plist;
				IPHONEOS_DEPLOYMENT_TARGET = 9.0;
				LD_RUNPATH_SEARCH_PATHS = "$(inherited) @executable_path/Frameworks";
				PRODUCT_BUNDLE_IDENTIFIER = com.qeebike.customer;
				PRODUCT_NAME = "$(TARGET_NAME)";
				PROVISIONING_PROFILE = "00ac28df-ce6f-40cd-93f8-ddd4882cb185";
				PROVISIONING_PROFILE_SPECIFIER = qeebike_dev;
				SWIFT_SWIFT3_OBJC_INFERENCE = Default;
				SWIFT_VERSION = 4.0;
			};
			name = Debug;
		};
		C6C853531E128B6900E489E9 /* Release */ = {
			isa = XCBuildConfiguration;
			baseConfigurationReference = 0D3C7B5195684B623336E08C /* Pods-SwiftRecord.release.xcconfig */;
			buildSettings = {
				ASSETCATALOG_COMPILER_APPICON_NAME = AppIcon;
				"CODE_SIGN_IDENTITY[sdk=iphoneos*]" = "iPhone Distribution";
				DEVELOPMENT_TEAM = 2LYTD2VW3G;
				INFOPLIST_FILE = SwiftRecord/Info.plist;
				IPHONEOS_DEPLOYMENT_TARGET = 9.0;
				LD_RUNPATH_SEARCH_PATHS = "$(inherited) @executable_path/Frameworks";
				PRODUCT_BUNDLE_IDENTIFIER = com.qeebike.customer;
				PRODUCT_NAME = "$(TARGET_NAME)";
				PROVISIONING_PROFILE = "6ac9fc94-4ee7-457a-864b-04f81c869b36";
				PROVISIONING_PROFILE_SPECIFIER = qeebike_release;
				SWIFT_SWIFT3_OBJC_INFERENCE = Default;
				SWIFT_VERSION = 4.0;
			};
			name = Release;
		};
		C6D843AD216D9265001FED31 /* Debug */ = {
			isa = XCBuildConfiguration;
			buildSettings = {
				BUNDLE_LOADER = "$(TEST_HOST)";
				CLANG_ANALYZER_NUMBER_OBJECT_CONVERSION = YES_AGGRESSIVE;
				CLANG_CXX_LANGUAGE_STANDARD = "gnu++14";
				CLANG_ENABLE_OBJC_WEAK = YES;
				CLANG_WARN_UNGUARDED_AVAILABILITY = YES_AGGRESSIVE;
				CODE_SIGN_IDENTITY = "iPhone Developer";
				CODE_SIGN_STYLE = Automatic;
				DEVELOPMENT_TEAM = 2LYTD2VW3G;
				GCC_C_LANGUAGE_STANDARD = gnu11;
				INFOPLIST_FILE = SwiftRecordTests/Info.plist;
				IPHONEOS_DEPLOYMENT_TARGET = 12.0;
				LD_RUNPATH_SEARCH_PATHS = "$(inherited) @executable_path/Frameworks @loader_path/Frameworks";
				MTL_ENABLE_DEBUG_INFO = INCLUDE_SOURCE;
				MTL_FAST_MATH = YES;
				PRODUCT_BUNDLE_IDENTIFIER = com.qeebike.SwiftRecordTests;
				PRODUCT_NAME = "$(TARGET_NAME)";
				SWIFT_VERSION = 4.2;
				TARGETED_DEVICE_FAMILY = "1,2";
				TEST_HOST = "$(BUILT_PRODUCTS_DIR)/SwiftRecord.app/SwiftRecord";
			};
			name = Debug;
		};
		C6D843AE216D9265001FED31 /* Release */ = {
			isa = XCBuildConfiguration;
			buildSettings = {
				BUNDLE_LOADER = "$(TEST_HOST)";
				CLANG_ANALYZER_NUMBER_OBJECT_CONVERSION = YES_AGGRESSIVE;
				CLANG_CXX_LANGUAGE_STANDARD = "gnu++14";
				CLANG_ENABLE_OBJC_WEAK = YES;
				CLANG_WARN_UNGUARDED_AVAILABILITY = YES_AGGRESSIVE;
				CODE_SIGN_IDENTITY = "iPhone Developer";
				CODE_SIGN_STYLE = Automatic;
				DEVELOPMENT_TEAM = 2LYTD2VW3G;
				GCC_C_LANGUAGE_STANDARD = gnu11;
				INFOPLIST_FILE = SwiftRecordTests/Info.plist;
				IPHONEOS_DEPLOYMENT_TARGET = 12.0;
				LD_RUNPATH_SEARCH_PATHS = "$(inherited) @executable_path/Frameworks @loader_path/Frameworks";
				MTL_FAST_MATH = YES;
				PRODUCT_BUNDLE_IDENTIFIER = com.qeebike.SwiftRecordTests;
				PRODUCT_NAME = "$(TARGET_NAME)";
				SWIFT_VERSION = 4.2;
				TARGETED_DEVICE_FAMILY = "1,2";
				TEST_HOST = "$(BUILT_PRODUCTS_DIR)/SwiftRecord.app/SwiftRecord";
			};
			name = Release;
		};
/* End XCBuildConfiguration section */

/* Begin XCConfigurationList section */
		C6C8533A1E128B6900E489E9 /* Build configuration list for PBXProject "SwiftRecord" */ = {
			isa = XCConfigurationList;
			buildConfigurations = (
				C6C8534F1E128B6900E489E9 /* Debug */,
				C6C853501E128B6900E489E9 /* Release */,
			);
			defaultConfigurationIsVisible = 0;
			defaultConfigurationName = Release;
		};
		C6C853511E128B6900E489E9 /* Build configuration list for PBXNativeTarget "SwiftRecord" */ = {
			isa = XCConfigurationList;
			buildConfigurations = (
				C6C853521E128B6900E489E9 /* Debug */,
				C6C853531E128B6900E489E9 /* Release */,
			);
			defaultConfigurationIsVisible = 0;
			defaultConfigurationName = Release;
		};
		C6D843AF216D9265001FED31 /* Build configuration list for PBXNativeTarget "SwiftRecordTests" */ = {
			isa = XCConfigurationList;
			buildConfigurations = (
				C6D843AD216D9265001FED31 /* Debug */,
				C6D843AE216D9265001FED31 /* Release */,
			);
			defaultConfigurationIsVisible = 0;
			defaultConfigurationName = Release;
		};
/* End XCConfigurationList section */
	};
	rootObject = C6C853371E128B6900E489E9 /* Project object */;
}
