// !$*UTF8*$!
{
	archiveVersion = 1;
	classes = {
	};
	objectVersion = 46;
	objects = {

/* Begin PBXBuildFile section */
		C64B8A841EC3132B0021D89C /* Wolf.storyboard in Resources */ = {isa = PBXBuildFile; fileRef = C64B8A831EC3132B0021D89C /* Wolf.storyboard */; };
		C64B8A861EC313620021D89C /* WolfViewController.swift in Sources */ = {isa = PBXBuildFile; fileRef = C64B8A851EC313620021D89C /* WolfViewController.swift */; };
		C64B8A881EC315B10021D89C /* Wolf.swift in Sources */ = {isa = PBXBuildFile; fileRef = C64B8A871EC315B10021D89C /* Wolf.swift */; };
		C64B8A8A1EC315F60021D89C /* Base.swift in Sources */ = {isa = PBXBuildFile; fileRef = C64B8A891EC315F60021D89C /* Base.swift */; };
		C64B8A8C1EC316240021D89C /* Sheep.swift in Sources */ = {isa = PBXBuildFile; fileRef = C64B8A8B1EC316240021D89C /* Sheep.swift */; };
		C64B8A8E1EC3163D0021D89C /* Vegetable.swift in Sources */ = {isa = PBXBuildFile; fileRef = C64B8A8D1EC3163D0021D89C /* Vegetable.swift */; };
		C64B8A901EC31A500021D89C /* Farmer.swift in Sources */ = {isa = PBXBuildFile; fileRef = C64B8A8F1EC31A500021D89C /* Farmer.swift */; };
		C69863171F10852C00F25783 /* TextMenu.storyboard in Resources */ = {isa = PBXBuildFile; fileRef = C69863161F10852C00F25783 /* TextMenu.storyboard */; };
		C69863191F1087BA00F25783 /* TextMenuViewController.swift in Sources */ = {isa = PBXBuildFile; fileRef = C69863181F1087BA00F25783 /* TextMenuViewController.swift */; };
		C6C853431E128B6900E489E9 /* AppDelegate.swift in Sources */ = {isa = PBXBuildFile; fileRef = C6C853421E128B6900E489E9 /* AppDelegate.swift */; };
		C6C8534A1E128B6900E489E9 /* Assets.xcassets in Resources */ = {isa = PBXBuildFile; fileRef = C6C853491E128B6900E489E9 /* Assets.xcassets */; };
		C6C8534D1E128B6900E489E9 /* LaunchScreen.storyboard in Resources */ = {isa = PBXBuildFile; fileRef = C6C8534B1E128B6900E489E9 /* LaunchScreen.storyboard */; };
		C6D0A59A1F06332800391651 /* MethodOfExhuastionViewController.swift in Sources */ = {isa = PBXBuildFile; fileRef = C6D0A5991F06332800391651 /* MethodOfExhuastionViewController.swift */; };
		C6D0A59C1F06334100391651 /* MethodOfExhuastion.storyboard in Resources */ = {isa = PBXBuildFile; fileRef = C6D0A59B1F06334100391651 /* MethodOfExhuastion.storyboard */; };
/* End PBXBuildFile section */

/* Begin PBXFileReference section */
		C64B8A831EC3132B0021D89C /* Wolf.storyboard */ = {isa = PBXFileReference; fileEncoding = 4; lastKnownFileType = file.storyboard; path = Wolf.storyboard; sourceTree = "<group>"; };
		C64B8A851EC313620021D89C /* WolfViewController.swift */ = {isa = PBXFileReference; fileEncoding = 4; lastKnownFileType = sourcecode.swift; path = WolfViewController.swift; sourceTree = "<group>"; };
		C64B8A871EC315B10021D89C /* Wolf.swift */ = {isa = PBXFileReference; fileEncoding = 4; lastKnownFileType = sourcecode.swift; path = Wolf.swift; sourceTree = "<group>"; };
		C64B8A891EC315F60021D89C /* Base.swift */ = {isa = PBXFileReference; fileEncoding = 4; lastKnownFileType = sourcecode.swift; path = Base.swift; sourceTree = "<group>"; };
		C64B8A8B1EC316240021D89C /* Sheep.swift */ = {isa = PBXFileReference; fileEncoding = 4; lastKnownFileType = sourcecode.swift; path = Sheep.swift; sourceTree = "<group>"; };
		C64B8A8D1EC3163D0021D89C /* Vegetable.swift */ = {isa = PBXFileReference; fileEncoding = 4; lastKnownFileType = sourcecode.swift; path = Vegetable.swift; sourceTree = "<group>"; };
		C64B8A8F1EC31A500021D89C /* Farmer.swift */ = {isa = PBXFileReference; fileEncoding = 4; lastKnownFileType = sourcecode.swift; path = Farmer.swift; sourceTree = "<group>"; };
		C69863161F10852C00F25783 /* TextMenu.storyboard */ = {isa = PBXFileReference; fileEncoding = 4; lastKnownFileType = file.storyboard; path = TextMenu.storyboard; sourceTree = "<group>"; };
		C69863181F1087BA00F25783 /* TextMenuViewController.swift */ = {isa = PBXFileReference; fileEncoding = 4; lastKnownFileType = sourcecode.swift; path = TextMenuViewController.swift; sourceTree = "<group>"; };
		C6C8533F1E128B6900E489E9 /* SwiftRecord.app */ = {isa = PBXFileReference; explicitFileType = wrapper.application; includeInIndex = 0; path = SwiftRecord.app; sourceTree = BUILT_PRODUCTS_DIR; };
		C6C853421E128B6900E489E9 /* AppDelegate.swift */ = {isa = PBXFileReference; lastKnownFileType = sourcecode.swift; path = AppDelegate.swift; sourceTree = "<group>"; };
		C6C853491E128B6900E489E9 /* Assets.xcassets */ = {isa = PBXFileReference; lastKnownFileType = folder.assetcatalog; path = Assets.xcassets; sourceTree = "<group>"; };
		C6C8534C1E128B6900E489E9 /* Base */ = {isa = PBXFileReference; lastKnownFileType = file.storyboard; name = Base; path = Base.lproj/LaunchScreen.storyboard; sourceTree = "<group>"; };
		C6C8534E1E128B6900E489E9 /* Info.plist */ = {isa = PBXFileReference; lastKnownFileType = text.plist.xml; path = Info.plist; sourceTree = "<group>"; };
		C6D0A5991F06332800391651 /* MethodOfExhuastionViewController.swift */ = {isa = PBXFileReference; fileEncoding = 4; lastKnownFileType = sourcecode.swift; path = MethodOfExhuastionViewController.swift; sourceTree = "<group>"; };
		C6D0A59B1F06334100391651 /* MethodOfExhuastion.storyboard */ = {isa = PBXFileReference; fileEncoding = 4; lastKnownFileType = file.storyboard; path = MethodOfExhuastion.storyboard; sourceTree = "<group>"; };
/* End PBXFileReference section */

/* Begin PBXFrameworksBuildPhase section */
		C6C8533C1E128B6900E489E9 /* Frameworks */ = {
			isa = PBXFrameworksBuildPhase;
			buildActionMask = 2147483647;
			files = (
			);
			runOnlyForDeploymentPostprocessing = 0;
		};
/* End PBXFrameworksBuildPhase section */

/* Begin PBXGroup section */
		C64B8A811EC3131E0021D89C /* 201705 */ = {
			isa = PBXGroup;
			children = (
				C64B8A821EC3131E0021D89C /* Wolf */,
			);
			path = 201705;
			sourceTree = "<group>";
		};
		C64B8A821EC3131E0021D89C /* Wolf */ = {
			isa = PBXGroup;
			children = (
				C64B8A831EC3132B0021D89C /* Wolf.storyboard */,
				C64B8A851EC313620021D89C /* WolfViewController.swift */,
				C64B8A871EC315B10021D89C /* Wolf.swift */,
				C64B8A891EC315F60021D89C /* Base.swift */,
				C64B8A8B1EC316240021D89C /* Sheep.swift */,
				C64B8A8D1EC3163D0021D89C /* Vegetable.swift */,
				C64B8A8F1EC31A500021D89C /* Farmer.swift */,
			);
			path = Wolf;
			sourceTree = "<group>";
		};
		C69863151F10850B00F25783 /* 201707 */ = {
			isa = PBXGroup;
			children = (
				C69863161F10852C00F25783 /* TextMenu.storyboard */,
				C69863181F1087BA00F25783 /* TextMenuViewController.swift */,
			);
			path = 201707;
			sourceTree = "<group>";
		};
		C6C853361E128B6900E489E9 = {
			isa = PBXGroup;
			children = (
				C6C853411E128B6900E489E9 /* SwiftRecord */,
				C6C853401E128B6900E489E9 /* Products */,
			);
			sourceTree = "<group>";
		};
		C6C853401E128B6900E489E9 /* Products */ = {
			isa = PBXGroup;
			children = (
				C6C8533F1E128B6900E489E9 /* SwiftRecord.app */,
			);
			name = Products;
			sourceTree = "<group>";
		};
		C6C853411E128B6900E489E9 /* SwiftRecord */ = {
			isa = PBXGroup;
			children = (
				C69863151F10850B00F25783 /* 201707 */,
				C6D0A5981F06324100391651 /* 201706 */,
				C64B8A811EC3131E0021D89C /* 201705 */,
				C6C853421E128B6900E489E9 /* AppDelegate.swift */,
				C6C853491E128B6900E489E9 /* Assets.xcassets */,
				C6C8534B1E128B6900E489E9 /* LaunchScreen.storyboard */,
				C6C8534E1E128B6900E489E9 /* Info.plist */,
			);
			path = SwiftRecord;
			sourceTree = "<group>";
		};
		C6D0A5981F06324100391651 /* 201706 */ = {
			isa = PBXGroup;
			children = (
				C6D0A5991F06332800391651 /* MethodOfExhuastionViewController.swift */,
				C6D0A59B1F06334100391651 /* MethodOfExhuastion.storyboard */,
			);
			path = 201706;
			sourceTree = "<group>";
		};
/* End PBXGroup section */

/* Begin PBXNativeTarget section */
		C6C8533E1E128B6900E489E9 /* SwiftRecord */ = {
			isa = PBXNativeTarget;
			buildConfigurationList = C6C853511E128B6900E489E9 /* Build configuration list for PBXNativeTarget "SwiftRecord" */;
			buildPhases = (
				C6C8533B1E128B6900E489E9 /* Sources */,
				C6C8533C1E128B6900E489E9 /* Frameworks */,
				C6C8533D1E128B6900E489E9 /* Resources */,
			);
			buildRules = (
			);
			dependencies = (
			);
			name = SwiftRecord;
			productName = SwiftRecord;
			productReference = C6C8533F1E128B6900E489E9 /* SwiftRecord.app */;
			productType = "com.apple.product-type.application";
		};
/* End PBXNativeTarget section */

/* Begin PBXProject section */
		C6C853371E128B6900E489E9 /* Project object */ = {
			isa = PBXProject;
			attributes = {
				LastSwiftUpdateCheck = 0820;
				LastUpgradeCheck = 0820;
				ORGANIZATIONNAME = wang;
				TargetAttributes = {
					C6C8533E1E128B6900E489E9 = {
						CreatedOnToolsVersion = 8.2.1;
						DevelopmentTeam = 2LYTD2VW3G;
						ProvisioningStyle = Manual;
					};
				};
			};
			buildConfigurationList = C6C8533A1E128B6900E489E9 /* Build configuration list for PBXProject "SwiftRecord" */;
			compatibilityVersion = "Xcode 3.2";
			developmentRegion = English;
			hasScannedForEncodings = 0;
			knownRegions = (
				en,
				Base,
			);
			mainGroup = C6C853361E128B6900E489E9;
			productRefGroup = C6C853401E128B6900E489E9 /* Products */;
			projectDirPath = "";
			projectRoot = "";
			targets = (
				C6C8533E1E128B6900E489E9 /* SwiftRecord */,
			);
		};
/* End PBXProject section */

/* Begin PBXResourcesBuildPhase section */
		C6C8533D1E128B6900E489E9 /* Resources */ = {
			isa = PBXResourcesBuildPhase;
			buildActionMask = 2147483647;
			files = (
				C6C8534D1E128B6900E489E9 /* LaunchScreen.storyboard in Resources */,
				C64B8A841EC3132B0021D89C /* Wolf.storyboard in Resources */,
				C6D0A59C1F06334100391651 /* MethodOfExhuastion.storyboard in Resources */,
				C69863171F10852C00F25783 /* TextMenu.storyboard in Resources */,
				C6C8534A1E128B6900E489E9 /* Assets.xcassets in Resources */,
			);
			runOnlyForDeploymentPostprocessing = 0;
		};
/* End PBXResourcesBuildPhase section */

/* Begin PBXSourcesBuildPhase section */
		C6C8533B1E128B6900E489E9 /* Sources */ = {
			isa = PBXSourcesBuildPhase;
			buildActionMask = 2147483647;
			files = (
				C64B8A881EC315B10021D89C /* Wolf.swift in Sources */,
				C64B8A8E1EC3163D0021D89C /* Vegetable.swift in Sources */,
				C64B8A8C1EC316240021D89C /* Sheep.swift in Sources */,
				C64B8A901EC31A500021D89C /* Farmer.swift in Sources */,
				C64B8A8A1EC315F60021D89C /* Base.swift in Sources */,
				C64B8A861EC313620021D89C /* WolfViewController.swift in Sources */,
				C69863191F1087BA00F25783 /* TextMenuViewController.swift in Sources */,
				C6D0A59A1F06332800391651 /* MethodOfExhuastionViewController.swift in Sources */,
				C6C853431E128B6900E489E9 /* AppDelegate.swift in Sources */,
			);
			runOnlyForDeploymentPostprocessing = 0;
		};
/* End PBXSourcesBuildPhase section */

/* Begin PBXVariantGroup section */
		C6C8534B1E128B6900E489E9 /* LaunchScreen.storyboard */ = {
			isa = PBXVariantGroup;
			children = (
				C6C8534C1E128B6900E489E9 /* Base */,
			);
			name = LaunchScreen.storyboard;
			sourceTree = "<group>";
		};
/* End PBXVariantGroup section */

/* Begin XCBuildConfiguration section */
		C6C8534F1E128B6900E489E9 /* Debug */ = {
			isa = XCBuildConfiguration;
			buildSettings = {
				ALWAYS_SEARCH_USER_PATHS = NO;
				CLANG_ANALYZER_NONNULL = YES;
				CLANG_CXX_LANGUAGE_STANDARD = "gnu++0x";
				CLANG_CXX_LIBRARY = "libc++";
				CLANG_ENABLE_MODULES = YES;
				CLANG_ENABLE_OBJC_ARC = YES;
				CLANG_WARN_BOOL_CONVERSION = YES;
				CLANG_WARN_CONSTANT_CONVERSION = YES;
				CLANG_WARN_DIRECT_OBJC_ISA_USAGE = YES_ERROR;
				CLANG_WARN_DOCUMENTATION_COMMENTS = YES;
				CLANG_WARN_EMPTY_BODY = YES;
				CLANG_WARN_ENUM_CONVERSION = YES;
				CLANG_WARN_INFINITE_RECURSION = YES;
				CLANG_WARN_INT_CONVERSION = YES;
				CLANG_WARN_OBJC_ROOT_CLASS = YES_ERROR;
				CLANG_WARN_SUSPICIOUS_MOVE = YES;
				CLANG_WARN_UNREACHABLE_CODE = YES;
				CLANG_WARN__DUPLICATE_METHOD_MATCH = YES;
				"CODE_SIGN_IDENTITY[sdk=iphoneos*]" = "iPhone Developer";
				COPY_PHASE_STRIP = NO;
				DEBUG_INFORMATION_FORMAT = dwarf;
				ENABLE_STRICT_OBJC_MSGSEND = YES;
				ENABLE_TESTABILITY = YES;
				GCC_C_LANGUAGE_STANDARD = gnu99;
				GCC_DYNAMIC_NO_PIC = NO;
				GCC_NO_COMMON_BLOCKS = YES;
				GCC_OPTIMIZATION_LEVEL = 0;
				GCC_PREPROCESSOR_DEFINITIONS = (
					"DEBUG=1",
					"$(inherited)",
				);
				GCC_WARN_64_TO_32_BIT_CONVERSION = YES;
				GCC_WARN_ABOUT_RETURN_TYPE = YES_ERROR;
				GCC_WARN_UNDECLARED_SELECTOR = YES;
				GCC_WARN_UNINITIALIZED_AUTOS = YES_AGGRESSIVE;
				GCC_WARN_UNUSED_FUNCTION = YES;
				GCC_WARN_UNUSED_VARIABLE = YES;
				IPHONEOS_DEPLOYMENT_TARGET = 10.2;
				MTL_ENABLE_DEBUG_INFO = YES;
				ONLY_ACTIVE_ARCH = YES;
				SDKROOT = iphoneos;
				SWIFT_ACTIVE_COMPILATION_CONDITIONS = DEBUG;
				SWIFT_OPTIMIZATION_LEVEL = "-Onone";
				TARGETED_DEVICE_FAMILY = "1,2";
			};
			name = Debug;
		};
		C6C853501E128B6900E489E9 /* Release */ = {
			isa = XCBuildConfiguration;
			buildSettings = {
				ALWAYS_SEARCH_USER_PATHS = NO;
				CLANG_ANALYZER_NONNULL = YES;
				CLANG_CXX_LANGUAGE_STANDARD = "gnu++0x";
				CLANG_CXX_LIBRARY = "libc++";
				CLANG_ENABLE_MODULES = YES;
				CLANG_ENABLE_OBJC_ARC = YES;
				CLANG_WARN_BOOL_CONVERSION = YES;
				CLANG_WARN_CONSTANT_CONVERSION = YES;
				CLANG_WARN_DIRECT_OBJC_ISA_USAGE = YES_ERROR;
				CLANG_WARN_DOCUMENTATION_COMMENTS = YES;
				CLANG_WARN_EMPTY_BODY = YES;
				CLANG_WARN_ENUM_CONVERSION = YES;
				CLANG_WARN_INFINITE_RECURSION = YES;
				CLANG_WARN_INT_CONVERSION = YES;
				CLANG_WARN_OBJC_ROOT_CLASS = YES_ERROR;
				CLANG_WARN_SUSPICIOUS_MOVE = YES;
				CLANG_WARN_UNREACHABLE_CODE = YES;
				CLANG_WARN__DUPLICATE_METHOD_MATCH = YES;
				"CODE_SIGN_IDENTITY[sdk=iphoneos*]" = "iPhone Developer";
				COPY_PHASE_STRIP = NO;
				DEBUG_INFORMATION_FORMAT = "dwarf-with-dsym";
				ENABLE_NS_ASSERTIONS = NO;
				ENABLE_STRICT_OBJC_MSGSEND = YES;
				GCC_C_LANGUAGE_STANDARD = gnu99;
				GCC_NO_COMMON_BLOCKS = YES;
				GCC_WARN_64_TO_32_BIT_CONVERSION = YES;
				GCC_WARN_ABOUT_RETURN_TYPE = YES_ERROR;
				GCC_WARN_UNDECLARED_SELECTOR = YES;
				GCC_WARN_UNINITIALIZED_AUTOS = YES_AGGRESSIVE;
				GCC_WARN_UNUSED_FUNCTION = YES;
				GCC_WARN_UNUSED_VARIABLE = YES;
				IPHONEOS_DEPLOYMENT_TARGET = 10.2;
				MTL_ENABLE_DEBUG_INFO = NO;
				SDKROOT = iphoneos;
				SWIFT_OPTIMIZATION_LEVEL = "-Owholemodule";
				TARGETED_DEVICE_FAMILY = "1,2";
				VALIDATE_PRODUCT = YES;
			};
			name = Release;
		};
		C6C853521E128B6900E489E9 /* Debug */ = {
			isa = XCBuildConfiguration;
			buildSettings = {
				ASSETCATALOG_COMPILER_APPICON_NAME = AppIcon;
				DEVELOPMENT_TEAM = 2LYTD2VW3G;
				INFOPLIST_FILE = SwiftRecord/Info.plist;
				IPHONEOS_DEPLOYMENT_TARGET = 8.0;
				LD_RUNPATH_SEARCH_PATHS = "$(inherited) @executable_path/Frameworks";
				PRODUCT_BUNDLE_IDENTIFIER = com.qeebike.customer;
				PRODUCT_NAME = "$(TARGET_NAME)";
				PROVISIONING_PROFILE = "00ac28df-ce6f-40cd-93f8-ddd4882cb185";
				PROVISIONING_PROFILE_SPECIFIER = qeebike_dev;
				SWIFT_VERSION = 3.0;
			};
			name = Debug;
		};
		C6C853531E128B6900E489E9 /* Release */ = {
			isa = XCBuildConfiguration;
			buildSettings = {
				ASSETCATALOG_COMPILER_APPICON_NAME = AppIcon;
				"CODE_SIGN_IDENTITY[sdk=iphoneos*]" = "iPhone Distribution";
				DEVELOPMENT_TEAM = 2LYTD2VW3G;
				INFOPLIST_FILE = SwiftRecord/Info.plist;
				IPHONEOS_DEPLOYMENT_TARGET = 8.0;
				LD_RUNPATH_SEARCH_PATHS = "$(inherited) @executable_path/Frameworks";
				PRODUCT_BUNDLE_IDENTIFIER = com.qeebike.customer;
				PRODUCT_NAME = "$(TARGET_NAME)";
				PROVISIONING_PROFILE = "6ac9fc94-4ee7-457a-864b-04f81c869b36";
				PROVISIONING_PROFILE_SPECIFIER = qeebike_release;
				SWIFT_VERSION = 3.0;
			};
			name = Release;
		};
/* End XCBuildConfiguration section */

/* Begin XCConfigurationList section */
		C6C8533A1E128B6900E489E9 /* Build configuration list for PBXProject "SwiftRecord" */ = {
			isa = XCConfigurationList;
			buildConfigurations = (
				C6C8534F1E128B6900E489E9 /* Debug */,
				C6C853501E128B6900E489E9 /* Release */,
			);
			defaultConfigurationIsVisible = 0;
			defaultConfigurationName = Release;
		};
		C6C853511E128B6900E489E9 /* Build configuration list for PBXNativeTarget "SwiftRecord" */ = {
			isa = XCConfigurationList;
			buildConfigurations = (
				C6C853521E128B6900E489E9 /* Debug */,
				C6C853531E128B6900E489E9 /* Release */,
			);
			defaultConfigurationIsVisible = 0;
			defaultConfigurationName = Release;
		};
/* End XCConfigurationList section */
	};
	rootObject = C6C853371E128B6900E489E9 /* Project object */;
}
